
Microsoft Visual Studio Solution File, Format Version 12.00
# Visual Studio 14
VisualStudioVersion = 14.0.25420.1
MinimumVisualStudioVersion = 10.0.40219.1
Project("{FAE04EC0-301F-11D3-BF4B-00C04F79EFBC}") = "5032_MVC_News", "5032_MVC_News\5032_MVC_News.csproj", "{EDF237B7-2E73-4688-994C-CF9324865059}"
EndProject
Global
	GlobalSection(SolutionConfigurationPlatforms) = preSolution
		Debug|Any CPU = Debug|Any CPU
		Release|Any CPU = Release|Any CPU
	EndGlobalSection
	GlobalSection(ProjectConfigurationPlatforms) = postSolution
		{EDF237B7-2E73-4688-994C-CF9324865059}.Debug|Any CPU.ActiveCfg = Debug|Any CPU
		{EDF237B7-2E73-4688-994C-CF9324865059}.Debug|Any CPU.Build.0 = Debug|Any CPU
		{EDF237B7-2E73-4688-994C-CF9324865059}.Release|Any CPU.ActiveCfg = Release|Any CPU
		{EDF237B7-2E73-4688-994C-CF9324865059}.Release|Any CPU.Build.0 = Release|Any CPU
	EndGlobalSection
	GlobalSection(SolutionProperties) = preSolution
		HideSolutionNode = FALSE
	EndGlobalSection
EndGlobal
